
Microsoft Visual Studio Solution File, Format Version 12.00
# Visual Studio 2012
Project("{8BC9CEB8-8B4A-11D0-8D11-00A0C91BC942}") = "PongOut_Server", "PongOut_Server\PongOut_Server.vcxproj", "{807E793E-731A-44A7-91A0-1374BF37774C}"
EndProject
Project("{8BC9CEB8-8B4A-11D0-8D11-00A0C91BC942}") = "SimpleClient", "SimpleClient\SimpleClient.vcxproj", "{9E21AA55-E200-4CD7-B75C-2F3F4B3A1D57}"
EndProject
Project("{8BC9CEB8-8B4A-11D0-8D11-00A0C91BC942}") = "ComLib", "ComLib\ComLib.vcxproj", "{E6B28C69-F37B-48A5-AC32-175D8FE21993}"
EndProject
Project("{8BC9CEB8-8B4A-11D0-8D11-00A0C91BC942}") = "ClientLib", "ClientLib\ClientLib.vcxproj", "{17D5F5CC-259D-4ECE-9702-954799896DE2}"
EndProject
Project("{8BC9CEB8-8B4A-11D0-8D11-00A0C91BC942}") = "UnitTest1", "UnitTest1\UnitTest1.vcxproj", "{58678128-AA31-4979-A3F7-2B5AB547900C}"
EndProject
Project("{8BC9CEB8-8B4A-11D0-8D11-00A0C91BC942}") = "SQLManager", "SQLManager\SQLManager.vcxproj", "{6E73A346-4DA1-4F99-88CD-FD8C8FB2CFF1}"
EndProject
Global
	GlobalSection(SolutionConfigurationPlatforms) = preSolution
		Debug|Any CPU = Debug|Any CPU
		Debug|Mixed Platforms = Debug|Mixed Platforms
		Debug|Win32 = Debug|Win32
		Release|Any CPU = Release|Any CPU
		Release|Mixed Platforms = Release|Mixed Platforms
		Release|Win32 = Release|Win32
	EndGlobalSection
	GlobalSection(ProjectConfigurationPlatforms) = postSolution
		{807E793E-731A-44A7-91A0-1374BF37774C}.Debug|Any CPU.ActiveCfg = Debug|Win32
		{807E793E-731A-44A7-91A0-1374BF37774C}.Debug|Mixed Platforms.ActiveCfg = Debug|Win32
		{807E793E-731A-44A7-91A0-1374BF37774C}.Debug|Mixed Platforms.Build.0 = Debug|Win32
		{807E793E-731A-44A7-91A0-1374BF37774C}.Debug|Win32.ActiveCfg = Debug|Win32
		{807E793E-731A-44A7-91A0-1374BF37774C}.Debug|Win32.Build.0 = Debug|Win32
		{807E793E-731A-44A7-91A0-1374BF37774C}.Release|Any CPU.ActiveCfg = Release|Win32
		{807E793E-731A-44A7-91A0-1374BF37774C}.Release|Mixed Platforms.ActiveCfg = Release|Win32
		{807E793E-731A-44A7-91A0-1374BF37774C}.Release|Mixed Platforms.Build.0 = Release|Win32
		{807E793E-731A-44A7-91A0-1374BF37774C}.Release|Win32.ActiveCfg = Release|Win32
		{807E793E-731A-44A7-91A0-1374BF37774C}.Release|Win32.Build.0 = Release|Win32
		{9E21AA55-E200-4CD7-B75C-2F3F4B3A1D57}.Debug|Any CPU.ActiveCfg = Debug|Win32
		{9E21AA55-E200-4CD7-B75C-2F3F4B3A1D57}.Debug|Mixed Platforms.ActiveCfg = Debug|Win32
		{9E21AA55-E200-4CD7-B75C-2F3F4B3A1D57}.Debug|Mixed Platforms.Build.0 = Debug|Win32
		{9E21AA55-E200-4CD7-B75C-2F3F4B3A1D57}.Debug|Win32.ActiveCfg = Debug|Win32
		{9E21AA55-E200-4CD7-B75C-2F3F4B3A1D57}.Debug|Win32.Build.0 = Debug|Win32
		{9E21AA55-E200-4CD7-B75C-2F3F4B3A1D57}.Release|Any CPU.ActiveCfg = Release|Win32
		{9E21AA55-E200-4CD7-B75C-2F3F4B3A1D57}.Release|Mixed Platforms.ActiveCfg = Release|Win32
		{9E21AA55-E200-4CD7-B75C-2F3F4B3A1D57}.Release|Mixed Platforms.Build.0 = Release|Win32
		{9E21AA55-E200-4CD7-B75C-2F3F4B3A1D57}.Release|Win32.ActiveCfg = Release|Win32
		{9E21AA55-E200-4CD7-B75C-2F3F4B3A1D57}.Release|Win32.Build.0 = Release|Win32
		{E6B28C69-F37B-48A5-AC32-175D8FE21993}.Debug|Any CPU.ActiveCfg = Debug|Win32
		{E6B28C69-F37B-48A5-AC32-175D8FE21993}.Debug|Mixed Platforms.ActiveCfg = Debug|Win32
		{E6B28C69-F37B-48A5-AC32-175D8FE21993}.Debug|Mixed Platforms.Build.0 = Debug|Win32
		{E6B28C69-F37B-48A5-AC32-175D8FE21993}.Debug|Win32.ActiveCfg = Debug|Win32
		{E6B28C69-F37B-48A5-AC32-175D8FE21993}.Debug|Win32.Build.0 = Debug|Win32
		{E6B28C69-F37B-48A5-AC32-175D8FE21993}.Release|Any CPU.ActiveCfg = Release|Win32
		{E6B28C69-F37B-48A5-AC32-175D8FE21993}.Release|Mixed Platforms.ActiveCfg = Release|Win32
		{E6B28C69-F37B-48A5-AC32-175D8FE21993}.Release|Mixed Platforms.Build.0 = Release|Win32
		{E6B28C69-F37B-48A5-AC32-175D8FE21993}.Release|Win32.ActiveCfg = Release|Win32
		{E6B28C69-F37B-48A5-AC32-175D8FE21993}.Release|Win32.Build.0 = Release|Win32
		{17D5F5CC-259D-4ECE-9702-954799896DE2}.Debug|Any CPU.ActiveCfg = Debug|Win32
		{17D5F5CC-259D-4ECE-9702-954799896DE2}.Debug|Mixed Platforms.ActiveCfg = Debug|Win32
		{17D5F5CC-259D-4ECE-9702-954799896DE2}.Debug|Mixed Platforms.Build.0 = Debug|Win32
		{17D5F5CC-259D-4ECE-9702-954799896DE2}.Debug|Win32.ActiveCfg = Debug|Win32
		{17D5F5CC-259D-4ECE-9702-954799896DE2}.Debug|Win32.Build.0 = Debug|Win32
		{17D5F5CC-259D-4ECE-9702-954799896DE2}.Release|Any CPU.ActiveCfg = Release|Win32
		{17D5F5CC-259D-4ECE-9702-954799896DE2}.Release|Mixed Platforms.ActiveCfg = Release|Win32
		{17D5F5CC-259D-4ECE-9702-954799896DE2}.Release|Mixed Platforms.Build.0 = Release|Win32
		{17D5F5CC-259D-4ECE-9702-954799896DE2}.Release|Win32.ActiveCfg = Release|Win32
		{17D5F5CC-259D-4ECE-9702-954799896DE2}.Release|Win32.Build.0 = Release|Win32
		{58678128-AA31-4979-A3F7-2B5AB547900C}.Debug|Any CPU.ActiveCfg = Debug|Win32
		{58678128-AA31-4979-A3F7-2B5AB547900C}.Debug|Mixed Platforms.ActiveCfg = Debug|Win32
		{58678128-AA31-4979-A3F7-2B5AB547900C}.Debug|Mixed Platforms.Build.0 = Debug|Win32
		{58678128-AA31-4979-A3F7-2B5AB547900C}.Debug|Win32.ActiveCfg = Debug|Win32
		{58678128-AA31-4979-A3F7-2B5AB547900C}.Debug|Win32.Build.0 = Debug|Win32
		{58678128-AA31-4979-A3F7-2B5AB547900C}.Release|Any CPU.ActiveCfg = Release|Win32
		{58678128-AA31-4979-A3F7-2B5AB547900C}.Release|Mixed Platforms.ActiveCfg = Release|Win32
		{58678128-AA31-4979-A3F7-2B5AB547900C}.Release|Mixed Platforms.Build.0 = Release|Win32
		{58678128-AA31-4979-A3F7-2B5AB547900C}.Release|Win32.ActiveCfg = Release|Win32
		{58678128-AA31-4979-A3F7-2B5AB547900C}.Release|Win32.Build.0 = Release|Win32
		{6E73A346-4DA1-4F99-88CD-FD8C8FB2CFF1}.Debug|Any CPU.ActiveCfg = Debug|Win32
		{6E73A346-4DA1-4F99-88CD-FD8C8FB2CFF1}.Debug|Mixed Platforms.ActiveCfg = Debug|Win32
		{6E73A346-4DA1-4F99-88CD-FD8C8FB2CFF1}.Debug|Mixed Platforms.Build.0 = Debug|Win32
		{6E73A346-4DA1-4F99-88CD-FD8C8FB2CFF1}.Debug|Win32.ActiveCfg = Debug|Win32
		{6E73A346-4DA1-4F99-88CD-FD8C8FB2CFF1}.Debug|Win32.Build.0 = Debug|Win32
		{6E73A346-4DA1-4F99-88CD-FD8C8FB2CFF1}.Release|Any CPU.ActiveCfg = Release|Win32
		{6E73A346-4DA1-4F99-88CD-FD8C8FB2CFF1}.Release|Mixed Platforms.ActiveCfg = Release|Win32
		{6E73A346-4DA1-4F99-88CD-FD8C8FB2CFF1}.Release|Mixed Platforms.Build.0 = Release|Win32
		{6E73A346-4DA1-4F99-88CD-FD8C8FB2CFF1}.Release|Win32.ActiveCfg = Release|Win32
		{6E73A346-4DA1-4F99-88CD-FD8C8FB2CFF1}.Release|Win32.Build.0 = Release|Win32
	EndGlobalSection
	GlobalSection(SolutionProperties) = preSolution
		HideSolutionNode = FALSE
	EndGlobalSection
	GlobalSection(Performance) = preSolution
		HasPerformanceSessions = true
	EndGlobalSection
EndGlobal
